
Microsoft Visual Studio Solution File, Format Version 12.00
# Visual Studio Version 17
VisualStudioVersion = 17.14.36429.23 d17.14
MinimumVisualStudioVersion = 10.0.40219.1
Project("{FAE04EC0-301F-11D3-BF4B-00C04F79EFBC}") = "LL", "LL.csproj", "{B674047E-3B02-45FD-9C2D-D68ED2E77CD0}"
EndProject
Global
	GlobalSection(SolutionConfigurationPlatforms) = preSolution
		Debug|Any CPU = Debug|Any CPU
		Release|Any CPU = Release|Any CPU
	EndGlobalSection
	GlobalSection(ProjectConfigurationPlatforms) = postSolution
		{B674047E-3B02-45FD-9C2D-D68ED2E77CD0}.Debug|Any CPU.ActiveCfg = Debug|Any CPU
		{B674047E-3B02-45FD-9C2D-D68ED2E77CD0}.Debug|Any CPU.Build.0 = Debug|Any CPU
		{B674047E-3B02-45FD-9C2D-D68ED2E77CD0}.Release|Any CPU.ActiveCfg = Release|Any CPU
		{B674047E-3B02-45FD-9C2D-D68ED2E77CD0}.Release|Any CPU.Build.0 = Release|Any CPU
	EndGlobalSection
	GlobalSection(SolutionProperties) = preSolution
		HideSolutionNode = FALSE
	EndGlobalSection
	GlobalSection(ExtensibilityGlobals) = postSolution
		SolutionGuid = {9CAB7C23-3191-41A3-BEA2-6D00C0AD5D53}
	EndGlobalSection
EndGlobal
